<?xml version="1.0" encoding="utf-8"?>
<Project ToolsVersion="4.0" xmlns="http://schemas.microsoft.com/developer/msbuild/2003">
  <ItemGroup>
    <Filter Include="Source Files">
      <UniqueIdentifier>{4FC737F1-C7A5-4376-A066-2A32D752A2FF}</UniqueIdentifier>
      <Extensions>cpp;c;cc;cxx;def;odl;idl;hpj;bat;asm;asmx</Extensions>
    </Filter>
    <Filter Include="Header Files">
      <UniqueIdentifier>{93995380-89BD-4b04-88EB-625FBE52EBFB}</UniqueIdentifier>
      <Extensions>h;hh;hpp;hxx;hm;inl;inc;xsd</Extensions>
    </Filter>
    <Filter Include="Utility">
      <UniqueIdentifier>{d1c83d43-054a-4d61-89f8-6b85b69f7a42}</UniqueIdentifier>
    </Filter>
    <Filter Include="rage">
      <UniqueIdentifier>{13ed5326-1735-41a8-bd98-a6fc9fe4e6ab}</UniqueIdentifier>
    </Filter>
  </ItemGroup>
  <ItemGroup>
    <ClInclude Include="stdafx.h">
      <Filter>Header Files</Filter>
    </ClInclude>
    <ClInclude Include="Utility\Hooking.h">
      <Filter>Utility</Filter>
    </ClInclude>
    <ClInclude Include="Utility\Logger.h">
      <Filter>Utility</Filter>
    </ClInclude>
    <ClInclude Include="Utility\MemAddr.h">
      <Filter>Utility</Filter>
    </ClInclude>
    <ClInclude Include="Utility\Utility.h">
      <Filter>Utility</Filter>
    </ClInclude>
    <ClInclude Include="Utility\AddressMgr.h">
      <Filter>Utility</Filter>
    </ClInclude>
    <ClInclude Include="Utility\pattern.h">
      <Filter>Utility</Filter>
    </ClInclude>
    <ClInclude Include="Game.h">
      <Filter>Header Files</Filter>
    </ClInclude>
    <ClInclude Include="rage\datBase.h">
      <Filter>rage</Filter>
    </ClInclude>
    <ClInclude Include="rage\pgBase.h">
      <Filter>rage</Filter>
    </ClInclude>
    <ClInclude Include="rage\crSkeleton.h">
      <Filter>rage</Filter>
    </ClInclude>
    <ClInclude Include="rage\fragCache.h">
      <Filter>rage</Filter>
    </ClInclude>
  </ItemGroup>
  <ItemGroup>
    <ClCompile Include="stdafx.cpp">
      <Filter>Source Files</Filter>
    </ClCompile>
    <ClCompile Include="dllmain.cpp">
      <Filter>Source Files</Filter>
    </ClCompile>
    <ClCompile Include="Dismemberment.cpp">
      <Filter>Source Files</Filter>
    </ClCompile>
    <ClCompile Include="Game.cpp">
      <Filter>Source Files</Filter>
    </ClCompile>
    <ClCompile Include="Utility\Hooking.cpp">
      <Filter>Utility</Filter>
    </ClCompile>
    <ClCompile Include="Utility\Logger.cpp">
      <Filter>Utility</Filter>
    </ClCompile>
    <ClCompile Include="Utility\Utility.cpp">
      <Filter>Utility</Filter>
    </ClCompile>
    <ClCompile Include="Utility\AddressMgr.cpp">
      <Filter>Utility</Filter>
    </ClCompile>
  </ItemGroup>
</Project>